
Microsoft Visual Studio Solution File, Format Version 12.00
# Visual Studio Version 17
VisualStudioVersion = 17.6.33829.357
MinimumVisualStudioVersion = 10.0.40219.1
Project("{9A19103F-16F7-4668-BE54-9A1E7A4F7556}") = "GrpcTestClient", "GrpcClient\GrpcTestClient.csproj", "{0F9F11EE-2920-4821-BCF6-5C532F6852C1}"
EndProject
Project("{9A19103F-16F7-4668-BE54-9A1E7A4F7556}") = "GrpcTestServer", "GrpcServer\GrpcTest\GrpcTestServer.csproj", "{D8C5E2F2-C44E-432A-846C-4D0B8476FB24}"
EndProject
Global
	GlobalSection(SolutionConfigurationPlatforms) = preSolution
		Debug|Any CPU = Debug|Any CPU
		Release|Any CPU = Release|Any CPU
	EndGlobalSection
	GlobalSection(ProjectConfigurationPlatforms) = postSolution
		{0F9F11EE-2920-4821-BCF6-5C532F6852C1}.Debug|Any CPU.ActiveCfg = Debug|Any CPU
		{0F9F11EE-2920-4821-BCF6-5C532F6852C1}.Debug|Any CPU.Build.0 = Debug|Any CPU
		{0F9F11EE-2920-4821-BCF6-5C532F6852C1}.Release|Any CPU.ActiveCfg = Release|Any CPU
		{0F9F11EE-2920-4821-BCF6-5C532F6852C1}.Release|Any CPU.Build.0 = Release|Any CPU
		{D8C5E2F2-C44E-432A-846C-4D0B8476FB24}.Debug|Any CPU.ActiveCfg = Debug|Any CPU
		{D8C5E2F2-C44E-432A-846C-4D0B8476FB24}.Debug|Any CPU.Build.0 = Debug|Any CPU
		{D8C5E2F2-C44E-432A-846C-4D0B8476FB24}.Release|Any CPU.ActiveCfg = Release|Any CPU
		{D8C5E2F2-C44E-432A-846C-4D0B8476FB24}.Release|Any CPU.Build.0 = Release|Any CPU
	EndGlobalSection
	GlobalSection(SolutionProperties) = preSolution
		HideSolutionNode = FALSE
	EndGlobalSection
	GlobalSection(ExtensibilityGlobals) = postSolution
		SolutionGuid = {05E29386-C3A4-498E-9895-66903831E309}
	EndGlobalSection
EndGlobal
